
Microsoft Visual Studio Solution File, Format Version 12.00
# Visual Studio 14
VisualStudioVersion = 14.0.25123.0
MinimumVisualStudioVersion = 10.0.40219.1
Project("{FAE04EC0-301F-11D3-BF4B-00C04F79EFBC}") = "XamlPowerToysDemo.iOS", "XamlPowerToysDemo\XamlPowerToysDemo.iOS\XamlPowerToysDemo.iOS.csproj", "{7838B13C-82A1-4434-A5B9-413C552E3610}"
EndProject
Project("{FAE04EC0-301F-11D3-BF4B-00C04F79EFBC}") = "XamlPowerToysDemo.UWP", "XamlPowerToysDemo\XamlPowerToysDemo.UWP\XamlPowerToysDemo.UWP.csproj", "{CA3B873F-9408-4152-9658-73D90B083F92}"
EndProject
Project("{FAE04EC0-301F-11D3-BF4B-00C04F79EFBC}") = "XamlPowerToysDemo", "XamlPowerToysDemo\XamlPowerToysDemo\XamlPowerToysDemo.csproj", "{3D070309-F22B-4E0F-AD85-0BFB5AF72D7F}"
EndProject
Project("{FAE04EC0-301F-11D3-BF4B-00C04F79EFBC}") = "XamlPowerToysDemo.Model", "XamlPowerToysDemo.Model\XamlPowerToysDemo.Model.csproj", "{87AD18F8-B243-4903-ADD2-AD582480A98F}"
EndProject
Project("{FAE04EC0-301F-11D3-BF4B-00C04F79EFBC}") = "XamlPowerToysDemo.WPF", "XamlPowerToysDemo.WPF\XamlPowerToysDemo.WPF.csproj", "{92F0A401-FD51-4173-B3A8-F925FF56109B}"
EndProject
Project("{FAE04EC0-301F-11D3-BF4B-00C04F79EFBC}") = "XamlPowerToysDemo.Droid", "XamlPowerToysDemo\XamlPowerToysDemo.Droid\XamlPowerToysDemo.Droid.csproj", "{DFF518CE-E3AA-4858-8492-2A4239B26645}"
EndProject
Global
	GlobalSection(SolutionConfigurationPlatforms) = preSolution
		Ad-Hoc|Any CPU = Ad-Hoc|Any CPU
		Ad-Hoc|ARM = Ad-Hoc|ARM
		Ad-Hoc|iPhone = Ad-Hoc|iPhone
		Ad-Hoc|iPhoneSimulator = Ad-Hoc|iPhoneSimulator
		Ad-Hoc|x64 = Ad-Hoc|x64
		Ad-Hoc|x86 = Ad-Hoc|x86
		AppStore|Any CPU = AppStore|Any CPU
		AppStore|ARM = AppStore|ARM
		AppStore|iPhone = AppStore|iPhone
		AppStore|iPhoneSimulator = AppStore|iPhoneSimulator
		AppStore|x64 = AppStore|x64
		AppStore|x86 = AppStore|x86
		Debug|Any CPU = Debug|Any CPU
		Debug|ARM = Debug|ARM
		Debug|iPhone = Debug|iPhone
		Debug|iPhoneSimulator = Debug|iPhoneSimulator
		Debug|x64 = Debug|x64
		Debug|x86 = Debug|x86
		Release|Any CPU = Release|Any CPU
		Release|ARM = Release|ARM
		Release|iPhone = Release|iPhone
		Release|iPhoneSimulator = Release|iPhoneSimulator
		Release|x64 = Release|x64
		Release|x86 = Release|x86
	EndGlobalSection
	GlobalSection(ProjectConfigurationPlatforms) = postSolution
		{7838B13C-82A1-4434-A5B9-413C552E3610}.Ad-Hoc|Any CPU.ActiveCfg = Ad-Hoc|iPhone
		{7838B13C-82A1-4434-A5B9-413C552E3610}.Ad-Hoc|ARM.ActiveCfg = Ad-Hoc|iPhone
		{7838B13C-82A1-4434-A5B9-413C552E3610}.Ad-Hoc|iPhone.ActiveCfg = Ad-Hoc|iPhone
		{7838B13C-82A1-4434-A5B9-413C552E3610}.Ad-Hoc|iPhone.Build.0 = Ad-Hoc|iPhone
		{7838B13C-82A1-4434-A5B9-413C552E3610}.Ad-Hoc|iPhoneSimulator.ActiveCfg = Ad-Hoc|iPhoneSimulator
		{7838B13C-82A1-4434-A5B9-413C552E3610}.Ad-Hoc|iPhoneSimulator.Build.0 = Ad-Hoc|iPhoneSimulator
		{7838B13C-82A1-4434-A5B9-413C552E3610}.Ad-Hoc|x64.ActiveCfg = Ad-Hoc|iPhone
		{7838B13C-82A1-4434-A5B9-413C552E3610}.Ad-Hoc|x86.ActiveCfg = Ad-Hoc|iPhone
		{7838B13C-82A1-4434-A5B9-413C552E3610}.AppStore|Any CPU.ActiveCfg = AppStore|iPhone
		{7838B13C-82A1-4434-A5B9-413C552E3610}.AppStore|ARM.ActiveCfg = AppStore|iPhone
		{7838B13C-82A1-4434-A5B9-413C552E3610}.AppStore|iPhone.ActiveCfg = AppStore|iPhone
		{7838B13C-82A1-4434-A5B9-413C552E3610}.AppStore|iPhone.Build.0 = AppStore|iPhone
		{7838B13C-82A1-4434-A5B9-413C552E3610}.AppStore|iPhoneSimulator.ActiveCfg = AppStore|iPhoneSimulator
		{7838B13C-82A1-4434-A5B9-413C552E3610}.AppStore|iPhoneSimulator.Build.0 = AppStore|iPhoneSimulator
		{7838B13C-82A1-4434-A5B9-413C552E3610}.AppStore|x64.ActiveCfg = AppStore|iPhone
		{7838B13C-82A1-4434-A5B9-413C552E3610}.AppStore|x86.ActiveCfg = AppStore|iPhone
		{7838B13C-82A1-4434-A5B9-413C552E3610}.Debug|Any CPU.ActiveCfg = Debug|iPhone
		{7838B13C-82A1-4434-A5B9-413C552E3610}.Debug|ARM.ActiveCfg = Debug|iPhone
		{7838B13C-82A1-4434-A5B9-413C552E3610}.Debug|iPhone.ActiveCfg = Debug|iPhone
		{7838B13C-82A1-4434-A5B9-413C552E3610}.Debug|iPhone.Build.0 = Debug|iPhone
		{7838B13C-82A1-4434-A5B9-413C552E3610}.Debug|iPhoneSimulator.ActiveCfg = Debug|iPhoneSimulator
		{7838B13C-82A1-4434-A5B9-413C552E3610}.Debug|iPhoneSimulator.Build.0 = Debug|iPhoneSimulator
		{7838B13C-82A1-4434-A5B9-413C552E3610}.Debug|x64.ActiveCfg = Debug|iPhone
		{7838B13C-82A1-4434-A5B9-413C552E3610}.Debug|x86.ActiveCfg = Debug|iPhone
		{7838B13C-82A1-4434-A5B9-413C552E3610}.Release|Any CPU.ActiveCfg = Release|iPhone
		{7838B13C-82A1-4434-A5B9-413C552E3610}.Release|ARM.ActiveCfg = Release|iPhone
		{7838B13C-82A1-4434-A5B9-413C552E3610}.Release|iPhone.ActiveCfg = Release|iPhone
		{7838B13C-82A1-4434-A5B9-413C552E3610}.Release|iPhone.Build.0 = Release|iPhone
		{7838B13C-82A1-4434-A5B9-413C552E3610}.Release|iPhoneSimulator.ActiveCfg = Release|iPhoneSimulator
		{7838B13C-82A1-4434-A5B9-413C552E3610}.Release|iPhoneSimulator.Build.0 = Release|iPhoneSimulator
		{7838B13C-82A1-4434-A5B9-413C552E3610}.Release|x64.ActiveCfg = Release|iPhone
		{7838B13C-82A1-4434-A5B9-413C552E3610}.Release|x86.ActiveCfg = Release|iPhone
		{CA3B873F-9408-4152-9658-73D90B083F92}.Ad-Hoc|Any CPU.ActiveCfg = Release|x86
		{CA3B873F-9408-4152-9658-73D90B083F92}.Ad-Hoc|Any CPU.Build.0 = Release|x86
		{CA3B873F-9408-4152-9658-73D90B083F92}.Ad-Hoc|Any CPU.Deploy.0 = Release|x86
		{CA3B873F-9408-4152-9658-73D90B083F92}.Ad-Hoc|ARM.ActiveCfg = Release|ARM
		{CA3B873F-9408-4152-9658-73D90B083F92}.Ad-Hoc|ARM.Build.0 = Release|ARM
		{CA3B873F-9408-4152-9658-73D90B083F92}.Ad-Hoc|ARM.Deploy.0 = Release|ARM
		{CA3B873F-9408-4152-9658-73D90B083F92}.Ad-Hoc|iPhone.ActiveCfg = Release|x86
		{CA3B873F-9408-4152-9658-73D90B083F92}.Ad-Hoc|iPhone.Build.0 = Release|x86
		{CA3B873F-9408-4152-9658-73D90B083F92}.Ad-Hoc|iPhone.Deploy.0 = Release|x86
		{CA3B873F-9408-4152-9658-73D90B083F92}.Ad-Hoc|iPhoneSimulator.ActiveCfg = Release|x86
		{CA3B873F-9408-4152-9658-73D90B083F92}.Ad-Hoc|iPhoneSimulator.Build.0 = Release|x86
		{CA3B873F-9408-4152-9658-73D90B083F92}.Ad-Hoc|iPhoneSimulator.Deploy.0 = Release|x86
		{CA3B873F-9408-4152-9658-73D90B083F92}.Ad-Hoc|x64.ActiveCfg = Release|x64
		{CA3B873F-9408-4152-9658-73D90B083F92}.Ad-Hoc|x64.Build.0 = Release|x64
		{CA3B873F-9408-4152-9658-73D90B083F92}.Ad-Hoc|x64.Deploy.0 = Release|x64
		{CA3B873F-9408-4152-9658-73D90B083F92}.Ad-Hoc|x86.ActiveCfg = Release|x86
		{CA3B873F-9408-4152-9658-73D90B083F92}.Ad-Hoc|x86.Build.0 = Release|x86
		{CA3B873F-9408-4152-9658-73D90B083F92}.Ad-Hoc|x86.Deploy.0 = Release|x86
		{CA3B873F-9408-4152-9658-73D90B083F92}.AppStore|Any CPU.ActiveCfg = Release|x86
		{CA3B873F-9408-4152-9658-73D90B083F92}.AppStore|Any CPU.Build.0 = Release|x86
		{CA3B873F-9408-4152-9658-73D90B083F92}.AppStore|Any CPU.Deploy.0 = Release|x86
		{CA3B873F-9408-4152-9658-73D90B083F92}.AppStore|ARM.ActiveCfg = Release|ARM
		{CA3B873F-9408-4152-9658-73D90B083F92}.AppStore|ARM.Build.0 = Release|ARM
		{CA3B873F-9408-4152-9658-73D90B083F92}.AppStore|ARM.Deploy.0 = Release|ARM
		{CA3B873F-9408-4152-9658-73D90B083F92}.AppStore|iPhone.ActiveCfg = Release|x86
		{CA3B873F-9408-4152-9658-73D90B083F92}.AppStore|iPhone.Build.0 = Release|x86
		{CA3B873F-9408-4152-9658-73D90B083F92}.AppStore|iPhone.Deploy.0 = Release|x86
		{CA3B873F-9408-4152-9658-73D90B083F92}.AppStore|iPhoneSimulator.ActiveCfg = Release|x86
		{CA3B873F-9408-4152-9658-73D90B083F92}.AppStore|iPhoneSimulator.Build.0 = Release|x86
		{CA3B873F-9408-4152-9658-73D90B083F92}.AppStore|iPhoneSimulator.Deploy.0 = Release|x86
		{CA3B873F-9408-4152-9658-73D90B083F92}.AppStore|x64.ActiveCfg = Release|x64
		{CA3B873F-9408-4152-9658-73D90B083F92}.AppStore|x64.Build.0 = Release|x64
		{CA3B873F-9408-4152-9658-73D90B083F92}.AppStore|x64.Deploy.0 = Release|x64
		{CA3B873F-9408-4152-9658-73D90B083F92}.AppStore|x86.ActiveCfg = Release|x86
		{CA3B873F-9408-4152-9658-73D90B083F92}.AppStore|x86.Build.0 = Release|x86
		{CA3B873F-9408-4152-9658-73D90B083F92}.AppStore|x86.Deploy.0 = Release|x86
		{CA3B873F-9408-4152-9658-73D90B083F92}.Debug|Any CPU.ActiveCfg = Debug|x86
		{CA3B873F-9408-4152-9658-73D90B083F92}.Debug|ARM.ActiveCfg = Debug|ARM
		{CA3B873F-9408-4152-9658-73D90B083F92}.Debug|iPhone.ActiveCfg = Debug|x86
		{CA3B873F-9408-4152-9658-73D90B083F92}.Debug|iPhoneSimulator.ActiveCfg = Debug|x86
		{CA3B873F-9408-4152-9658-73D90B083F92}.Debug|x64.ActiveCfg = Debug|x64
		{CA3B873F-9408-4152-9658-73D90B083F92}.Debug|x64.Build.0 = Debug|x64
		{CA3B873F-9408-4152-9658-73D90B083F92}.Debug|x64.Deploy.0 = Debug|x64
		{CA3B873F-9408-4152-9658-73D90B083F92}.Debug|x86.ActiveCfg = Debug|x86
		{CA3B873F-9408-4152-9658-73D90B083F92}.Debug|x86.Build.0 = Debug|x86
		{CA3B873F-9408-4152-9658-73D90B083F92}.Debug|x86.Deploy.0 = Debug|x86
		{CA3B873F-9408-4152-9658-73D90B083F92}.Release|Any CPU.ActiveCfg = Release|x86
		{CA3B873F-9408-4152-9658-73D90B083F92}.Release|ARM.ActiveCfg = Release|ARM
		{CA3B873F-9408-4152-9658-73D90B083F92}.Release|ARM.Build.0 = Release|ARM
		{CA3B873F-9408-4152-9658-73D90B083F92}.Release|ARM.Deploy.0 = Release|ARM
		{CA3B873F-9408-4152-9658-73D90B083F92}.Release|iPhone.ActiveCfg = Release|x86
		{CA3B873F-9408-4152-9658-73D90B083F92}.Release|iPhoneSimulator.ActiveCfg = Release|x86
		{CA3B873F-9408-4152-9658-73D90B083F92}.Release|x64.ActiveCfg = Release|x64
		{CA3B873F-9408-4152-9658-73D90B083F92}.Release|x64.Build.0 = Release|x64
		{CA3B873F-9408-4152-9658-73D90B083F92}.Release|x64.Deploy.0 = Release|x64
		{CA3B873F-9408-4152-9658-73D90B083F92}.Release|x86.ActiveCfg = Release|x86
		{CA3B873F-9408-4152-9658-73D90B083F92}.Release|x86.Build.0 = Release|x86
		{CA3B873F-9408-4152-9658-73D90B083F92}.Release|x86.Deploy.0 = Release|x86
		{3D070309-F22B-4E0F-AD85-0BFB5AF72D7F}.Ad-Hoc|Any CPU.ActiveCfg = Release|Any CPU
		{3D070309-F22B-4E0F-AD85-0BFB5AF72D7F}.Ad-Hoc|Any CPU.Build.0 = Release|Any CPU
		{3D070309-F22B-4E0F-AD85-0BFB5AF72D7F}.Ad-Hoc|ARM.ActiveCfg = Release|Any CPU
		{3D070309-F22B-4E0F-AD85-0BFB5AF72D7F}.Ad-Hoc|ARM.Build.0 = Release|Any CPU
		{3D070309-F22B-4E0F-AD85-0BFB5AF72D7F}.Ad-Hoc|iPhone.ActiveCfg = Release|Any CPU
		{3D070309-F22B-4E0F-AD85-0BFB5AF72D7F}.Ad-Hoc|iPhone.Build.0 = Release|Any CPU
		{3D070309-F22B-4E0F-AD85-0BFB5AF72D7F}.Ad-Hoc|iPhoneSimulator.ActiveCfg = Release|Any CPU
		{3D070309-F22B-4E0F-AD85-0BFB5AF72D7F}.Ad-Hoc|iPhoneSimulator.Build.0 = Release|Any CPU
		{3D070309-F22B-4E0F-AD85-0BFB5AF72D7F}.Ad-Hoc|x64.ActiveCfg = Release|Any CPU
		{3D070309-F22B-4E0F-AD85-0BFB5AF72D7F}.Ad-Hoc|x64.Build.0 = Release|Any CPU
		{3D070309-F22B-4E0F-AD85-0BFB5AF72D7F}.Ad-Hoc|x86.ActiveCfg = Release|Any CPU
		{3D070309-F22B-4E0F-AD85-0BFB5AF72D7F}.Ad-Hoc|x86.Build.0 = Release|Any CPU
		{3D070309-F22B-4E0F-AD85-0BFB5AF72D7F}.AppStore|Any CPU.ActiveCfg = Release|Any CPU
		{3D070309-F22B-4E0F-AD85-0BFB5AF72D7F}.AppStore|Any CPU.Build.0 = Release|Any CPU
		{3D070309-F22B-4E0F-AD85-0BFB5AF72D7F}.AppStore|ARM.ActiveCfg = Release|Any CPU
		{3D070309-F22B-4E0F-AD85-0BFB5AF72D7F}.AppStore|ARM.Build.0 = Release|Any CPU
		{3D070309-F22B-4E0F-AD85-0BFB5AF72D7F}.AppStore|iPhone.ActiveCfg = Release|Any CPU
		{3D070309-F22B-4E0F-AD85-0BFB5AF72D7F}.AppStore|iPhone.Build.0 = Release|Any CPU
		{3D070309-F22B-4E0F-AD85-0BFB5AF72D7F}.AppStore|iPhoneSimulator.ActiveCfg = Release|Any CPU
		{3D070309-F22B-4E0F-AD85-0BFB5AF72D7F}.AppStore|iPhoneSimulator.Build.0 = Release|Any CPU
		{3D070309-F22B-4E0F-AD85-0BFB5AF72D7F}.AppStore|x64.ActiveCfg = Release|Any CPU
		{3D070309-F22B-4E0F-AD85-0BFB5AF72D7F}.AppStore|x64.Build.0 = Release|Any CPU
		{3D070309-F22B-4E0F-AD85-0BFB5AF72D7F}.AppStore|x86.ActiveCfg = Release|Any CPU
		{3D070309-F22B-4E0F-AD85-0BFB5AF72D7F}.AppStore|x86.Build.0 = Release|Any CPU
		{3D070309-F22B-4E0F-AD85-0BFB5AF72D7F}.Debug|Any CPU.ActiveCfg = Debug|Any CPU
		{3D070309-F22B-4E0F-AD85-0BFB5AF72D7F}.Debug|Any CPU.Build.0 = Debug|Any CPU
		{3D070309-F22B-4E0F-AD85-0BFB5AF72D7F}.Debug|ARM.ActiveCfg = Debug|Any CPU
		{3D070309-F22B-4E0F-AD85-0BFB5AF72D7F}.Debug|ARM.Build.0 = Debug|Any CPU
		{3D070309-F22B-4E0F-AD85-0BFB5AF72D7F}.Debug|iPhone.ActiveCfg = Debug|Any CPU
		{3D070309-F22B-4E0F-AD85-0BFB5AF72D7F}.Debug|iPhone.Build.0 = Debug|Any CPU
		{3D070309-F22B-4E0F-AD85-0BFB5AF72D7F}.Debug|iPhoneSimulator.ActiveCfg = Debug|Any CPU
		{3D070309-F22B-4E0F-AD85-0BFB5AF72D7F}.Debug|iPhoneSimulator.Build.0 = Debug|Any CPU
		{3D070309-F22B-4E0F-AD85-0BFB5AF72D7F}.Debug|x64.ActiveCfg = Debug|Any CPU
		{3D070309-F22B-4E0F-AD85-0BFB5AF72D7F}.Debug|x64.Build.0 = Debug|Any CPU
		{3D070309-F22B-4E0F-AD85-0BFB5AF72D7F}.Debug|x86.ActiveCfg = Debug|Any CPU
		{3D070309-F22B-4E0F-AD85-0BFB5AF72D7F}.Debug|x86.Build.0 = Debug|Any CPU
		{3D070309-F22B-4E0F-AD85-0BFB5AF72D7F}.Release|Any CPU.ActiveCfg = Release|Any CPU
		{3D070309-F22B-4E0F-AD85-0BFB5AF72D7F}.Release|Any CPU.Build.0 = Release|Any CPU
		{3D070309-F22B-4E0F-AD85-0BFB5AF72D7F}.Release|ARM.ActiveCfg = Release|Any CPU
		{3D070309-F22B-4E0F-AD85-0BFB5AF72D7F}.Release|ARM.Build.0 = Release|Any CPU
		{3D070309-F22B-4E0F-AD85-0BFB5AF72D7F}.Release|iPhone.ActiveCfg = Release|Any CPU
		{3D070309-F22B-4E0F-AD85-0BFB5AF72D7F}.Release|iPhone.Build.0 = Release|Any CPU
		{3D070309-F22B-4E0F-AD85-0BFB5AF72D7F}.Release|iPhoneSimulator.ActiveCfg = Release|Any CPU
		{3D070309-F22B-4E0F-AD85-0BFB5AF72D7F}.Release|iPhoneSimulator.Build.0 = Release|Any CPU
		{3D070309-F22B-4E0F-AD85-0BFB5AF72D7F}.Release|x64.ActiveCfg = Release|Any CPU
		{3D070309-F22B-4E0F-AD85-0BFB5AF72D7F}.Release|x64.Build.0 = Release|Any CPU
		{3D070309-F22B-4E0F-AD85-0BFB5AF72D7F}.Release|x86.ActiveCfg = Release|Any CPU
		{3D070309-F22B-4E0F-AD85-0BFB5AF72D7F}.Release|x86.Build.0 = Release|Any CPU
		{87AD18F8-B243-4903-ADD2-AD582480A98F}.Ad-Hoc|Any CPU.ActiveCfg = Release|Any CPU
		{87AD18F8-B243-4903-ADD2-AD582480A98F}.Ad-Hoc|Any CPU.Build.0 = Release|Any CPU
		{87AD18F8-B243-4903-ADD2-AD582480A98F}.Ad-Hoc|ARM.ActiveCfg = Release|Any CPU
		{87AD18F8-B243-4903-ADD2-AD582480A98F}.Ad-Hoc|ARM.Build.0 = Release|Any CPU
		{87AD18F8-B243-4903-ADD2-AD582480A98F}.Ad-Hoc|iPhone.ActiveCfg = Release|Any CPU
		{87AD18F8-B243-4903-ADD2-AD582480A98F}.Ad-Hoc|iPhone.Build.0 = Release|Any CPU
		{87AD18F8-B243-4903-ADD2-AD582480A98F}.Ad-Hoc|iPhoneSimulator.ActiveCfg = Release|Any CPU
		{87AD18F8-B243-4903-ADD2-AD582480A98F}.Ad-Hoc|iPhoneSimulator.Build.0 = Release|Any CPU
		{87AD18F8-B243-4903-ADD2-AD582480A98F}.Ad-Hoc|x64.ActiveCfg = Release|Any CPU
		{87AD18F8-B243-4903-ADD2-AD582480A98F}.Ad-Hoc|x64.Build.0 = Release|Any CPU
		{87AD18F8-B243-4903-ADD2-AD582480A98F}.Ad-Hoc|x86.ActiveCfg = Release|Any CPU
		{87AD18F8-B243-4903-ADD2-AD582480A98F}.Ad-Hoc|x86.Build.0 = Release|Any CPU
		{87AD18F8-B243-4903-ADD2-AD582480A98F}.AppStore|Any CPU.ActiveCfg = Release|Any CPU
		{87AD18F8-B243-4903-ADD2-AD582480A98F}.AppStore|Any CPU.Build.0 = Release|Any CPU
		{87AD18F8-B243-4903-ADD2-AD582480A98F}.AppStore|ARM.ActiveCfg = Release|Any CPU
		{87AD18F8-B243-4903-ADD2-AD582480A98F}.AppStore|ARM.Build.0 = Release|Any CPU
		{87AD18F8-B243-4903-ADD2-AD582480A98F}.AppStore|iPhone.ActiveCfg = Release|Any CPU
		{87AD18F8-B243-4903-ADD2-AD582480A98F}.AppStore|iPhone.Build.0 = Release|Any CPU
		{87AD18F8-B243-4903-ADD2-AD582480A98F}.AppStore|iPhoneSimulator.ActiveCfg = Release|Any CPU
		{87AD18F8-B243-4903-ADD2-AD582480A98F}.AppStore|iPhoneSimulator.Build.0 = Release|Any CPU
		{87AD18F8-B243-4903-ADD2-AD582480A98F}.AppStore|x64.ActiveCfg = Release|Any CPU
		{87AD18F8-B243-4903-ADD2-AD582480A98F}.AppStore|x64.Build.0 = Release|Any CPU
		{87AD18F8-B243-4903-ADD2-AD582480A98F}.AppStore|x86.ActiveCfg = Release|Any CPU
		{87AD18F8-B243-4903-ADD2-AD582480A98F}.AppStore|x86.Build.0 = Release|Any CPU
		{87AD18F8-B243-4903-ADD2-AD582480A98F}.Debug|Any CPU.ActiveCfg = Debug|Any CPU
		{87AD18F8-B243-4903-ADD2-AD582480A98F}.Debug|Any CPU.Build.0 = Debug|Any CPU
		{87AD18F8-B243-4903-ADD2-AD582480A98F}.Debug|ARM.ActiveCfg = Debug|Any CPU
		{87AD18F8-B243-4903-ADD2-AD582480A98F}.Debug|ARM.Build.0 = Debug|Any CPU
		{87AD18F8-B243-4903-ADD2-AD582480A98F}.Debug|iPhone.ActiveCfg = Debug|Any CPU
		{87AD18F8-B243-4903-ADD2-AD582480A98F}.Debug|iPhone.Build.0 = Debug|Any CPU
		{87AD18F8-B243-4903-ADD2-AD582480A98F}.Debug|iPhoneSimulator.ActiveCfg = Debug|Any CPU
		{87AD18F8-B243-4903-ADD2-AD582480A98F}.Debug|iPhoneSimulator.Build.0 = Debug|Any CPU
		{87AD18F8-B243-4903-ADD2-AD582480A98F}.Debug|x64.ActiveCfg = Debug|Any CPU
		{87AD18F8-B243-4903-ADD2-AD582480A98F}.Debug|x64.Build.0 = Debug|Any CPU
		{87AD18F8-B243-4903-ADD2-AD582480A98F}.Debug|x86.ActiveCfg = Debug|Any CPU
		{87AD18F8-B243-4903-ADD2-AD582480A98F}.Debug|x86.Build.0 = Debug|Any CPU
		{87AD18F8-B243-4903-ADD2-AD582480A98F}.Release|Any CPU.ActiveCfg = Release|Any CPU
		{87AD18F8-B243-4903-ADD2-AD582480A98F}.Release|Any CPU.Build.0 = Release|Any CPU
		{87AD18F8-B243-4903-ADD2-AD582480A98F}.Release|ARM.ActiveCfg = Release|Any CPU
		{87AD18F8-B243-4903-ADD2-AD582480A98F}.Release|ARM.Build.0 = Release|Any CPU
		{87AD18F8-B243-4903-ADD2-AD582480A98F}.Release|iPhone.ActiveCfg = Release|Any CPU
		{87AD18F8-B243-4903-ADD2-AD582480A98F}.Release|iPhone.Build.0 = Release|Any CPU
		{87AD18F8-B243-4903-ADD2-AD582480A98F}.Release|iPhoneSimulator.ActiveCfg = Release|Any CPU
		{87AD18F8-B243-4903-ADD2-AD582480A98F}.Release|iPhoneSimulator.Build.0 = Release|Any CPU
		{87AD18F8-B243-4903-ADD2-AD582480A98F}.Release|x64.ActiveCfg = Release|Any CPU
		{87AD18F8-B243-4903-ADD2-AD582480A98F}.Release|x64.Build.0 = Release|Any CPU
		{87AD18F8-B243-4903-ADD2-AD582480A98F}.Release|x86.ActiveCfg = Release|Any CPU
		{87AD18F8-B243-4903-ADD2-AD582480A98F}.Release|x86.Build.0 = Release|Any CPU
		{92F0A401-FD51-4173-B3A8-F925FF56109B}.Ad-Hoc|Any CPU.ActiveCfg = Release|Any CPU
		{92F0A401-FD51-4173-B3A8-F925FF56109B}.Ad-Hoc|Any CPU.Build.0 = Release|Any CPU
		{92F0A401-FD51-4173-B3A8-F925FF56109B}.Ad-Hoc|ARM.ActiveCfg = Release|Any CPU
		{92F0A401-FD51-4173-B3A8-F925FF56109B}.Ad-Hoc|ARM.Build.0 = Release|Any CPU
		{92F0A401-FD51-4173-B3A8-F925FF56109B}.Ad-Hoc|iPhone.ActiveCfg = Release|Any CPU
		{92F0A401-FD51-4173-B3A8-F925FF56109B}.Ad-Hoc|iPhone.Build.0 = Release|Any CPU
		{92F0A401-FD51-4173-B3A8-F925FF56109B}.Ad-Hoc|iPhoneSimulator.ActiveCfg = Release|Any CPU
		{92F0A401-FD51-4173-B3A8-F925FF56109B}.Ad-Hoc|iPhoneSimulator.Build.0 = Release|Any CPU
		{92F0A401-FD51-4173-B3A8-F925FF56109B}.Ad-Hoc|x64.ActiveCfg = Release|Any CPU
		{92F0A401-FD51-4173-B3A8-F925FF56109B}.Ad-Hoc|x64.Build.0 = Release|Any CPU
		{92F0A401-FD51-4173-B3A8-F925FF56109B}.Ad-Hoc|x86.ActiveCfg = Release|Any CPU
		{92F0A401-FD51-4173-B3A8-F925FF56109B}.Ad-Hoc|x86.Build.0 = Release|Any CPU
		{92F0A401-FD51-4173-B3A8-F925FF56109B}.AppStore|Any CPU.ActiveCfg = Release|Any CPU
		{92F0A401-FD51-4173-B3A8-F925FF56109B}.AppStore|Any CPU.Build.0 = Release|Any CPU
		{92F0A401-FD51-4173-B3A8-F925FF56109B}.AppStore|ARM.ActiveCfg = Release|Any CPU
		{92F0A401-FD51-4173-B3A8-F925FF56109B}.AppStore|ARM.Build.0 = Release|Any CPU
		{92F0A401-FD51-4173-B3A8-F925FF56109B}.AppStore|iPhone.ActiveCfg = Release|Any CPU
		{92F0A401-FD51-4173-B3A8-F925FF56109B}.AppStore|iPhone.Build.0 = Release|Any CPU
		{92F0A401-FD51-4173-B3A8-F925FF56109B}.AppStore|iPhoneSimulator.ActiveCfg = Release|Any CPU
		{92F0A401-FD51-4173-B3A8-F925FF56109B}.AppStore|iPhoneSimulator.Build.0 = Release|Any CPU
		{92F0A401-FD51-4173-B3A8-F925FF56109B}.AppStore|x64.ActiveCfg = Release|Any CPU
		{92F0A401-FD51-4173-B3A8-F925FF56109B}.AppStore|x64.Build.0 = Release|Any CPU
		{92F0A401-FD51-4173-B3A8-F925FF56109B}.AppStore|x86.ActiveCfg = Release|Any CPU
		{92F0A401-FD51-4173-B3A8-F925FF56109B}.AppStore|x86.Build.0 = Release|Any CPU
		{92F0A401-FD51-4173-B3A8-F925FF56109B}.Debug|Any CPU.ActiveCfg = Debug|Any CPU
		{92F0A401-FD51-4173-B3A8-F925FF56109B}.Debug|Any CPU.Build.0 = Debug|Any CPU
		{92F0A401-FD51-4173-B3A8-F925FF56109B}.Debug|ARM.ActiveCfg = Debug|Any CPU
		{92F0A401-FD51-4173-B3A8-F925FF56109B}.Debug|iPhone.ActiveCfg = Debug|Any CPU
		{92F0A401-FD51-4173-B3A8-F925FF56109B}.Debug|iPhone.Build.0 = Debug|Any CPU
		{92F0A401-FD51-4173-B3A8-F925FF56109B}.Debug|iPhoneSimulator.ActiveCfg = Debug|Any CPU
		{92F0A401-FD51-4173-B3A8-F925FF56109B}.Debug|x64.ActiveCfg = Debug|Any CPU
		{92F0A401-FD51-4173-B3A8-F925FF56109B}.Debug|x64.Build.0 = Debug|Any CPU
		{92F0A401-FD51-4173-B3A8-F925FF56109B}.Debug|x86.ActiveCfg = Debug|Any CPU
		{92F0A401-FD51-4173-B3A8-F925FF56109B}.Release|Any CPU.ActiveCfg = Release|Any CPU
		{92F0A401-FD51-4173-B3A8-F925FF56109B}.Release|Any CPU.Build.0 = Release|Any CPU
		{92F0A401-FD51-4173-B3A8-F925FF56109B}.Release|ARM.ActiveCfg = Release|Any CPU
		{92F0A401-FD51-4173-B3A8-F925FF56109B}.Release|ARM.Build.0 = Release|Any CPU
		{92F0A401-FD51-4173-B3A8-F925FF56109B}.Release|iPhone.ActiveCfg = Release|Any CPU
		{92F0A401-FD51-4173-B3A8-F925FF56109B}.Release|iPhone.Build.0 = Release|Any CPU
		{92F0A401-FD51-4173-B3A8-F925FF56109B}.Release|iPhoneSimulator.ActiveCfg = Release|Any CPU
		{92F0A401-FD51-4173-B3A8-F925FF56109B}.Release|x64.ActiveCfg = Release|Any CPU
		{92F0A401-FD51-4173-B3A8-F925FF56109B}.Release|x64.Build.0 = Release|Any CPU
		{92F0A401-FD51-4173-B3A8-F925FF56109B}.Release|x86.ActiveCfg = Release|Any CPU
		{92F0A401-FD51-4173-B3A8-F925FF56109B}.Release|x86.Build.0 = Release|Any CPU
		{DFF518CE-E3AA-4858-8492-2A4239B26645}.Ad-Hoc|Any CPU.ActiveCfg = Release|Any CPU
		{DFF518CE-E3AA-4858-8492-2A4239B26645}.Ad-Hoc|Any CPU.Build.0 = Release|Any CPU
		{DFF518CE-E3AA-4858-8492-2A4239B26645}.Ad-Hoc|Any CPU.Deploy.0 = Release|Any CPU
		{DFF518CE-E3AA-4858-8492-2A4239B26645}.Ad-Hoc|ARM.ActiveCfg = Release|Any CPU
		{DFF518CE-E3AA-4858-8492-2A4239B26645}.Ad-Hoc|ARM.Build.0 = Release|Any CPU
		{DFF518CE-E3AA-4858-8492-2A4239B26645}.Ad-Hoc|ARM.Deploy.0 = Release|Any CPU
		{DFF518CE-E3AA-4858-8492-2A4239B26645}.Ad-Hoc|iPhone.ActiveCfg = Release|Any CPU
		{DFF518CE-E3AA-4858-8492-2A4239B26645}.Ad-Hoc|iPhone.Build.0 = Release|Any CPU
		{DFF518CE-E3AA-4858-8492-2A4239B26645}.Ad-Hoc|iPhone.Deploy.0 = Release|Any CPU
		{DFF518CE-E3AA-4858-8492-2A4239B26645}.Ad-Hoc|iPhoneSimulator.ActiveCfg = Release|Any CPU
		{DFF518CE-E3AA-4858-8492-2A4239B26645}.Ad-Hoc|iPhoneSimulator.Build.0 = Release|Any CPU
		{DFF518CE-E3AA-4858-8492-2A4239B26645}.Ad-Hoc|iPhoneSimulator.Deploy.0 = Release|Any CPU
		{DFF518CE-E3AA-4858-8492-2A4239B26645}.Ad-Hoc|x64.ActiveCfg = Release|Any CPU
		{DFF518CE-E3AA-4858-8492-2A4239B26645}.Ad-Hoc|x64.Build.0 = Release|Any CPU
		{DFF518CE-E3AA-4858-8492-2A4239B26645}.Ad-Hoc|x64.Deploy.0 = Release|Any CPU
		{DFF518CE-E3AA-4858-8492-2A4239B26645}.Ad-Hoc|x86.ActiveCfg = Release|Any CPU
		{DFF518CE-E3AA-4858-8492-2A4239B26645}.Ad-Hoc|x86.Build.0 = Release|Any CPU
		{DFF518CE-E3AA-4858-8492-2A4239B26645}.Ad-Hoc|x86.Deploy.0 = Release|Any CPU
		{DFF518CE-E3AA-4858-8492-2A4239B26645}.AppStore|Any CPU.ActiveCfg = Release|Any CPU
		{DFF518CE-E3AA-4858-8492-2A4239B26645}.AppStore|Any CPU.Build.0 = Release|Any CPU
		{DFF518CE-E3AA-4858-8492-2A4239B26645}.AppStore|Any CPU.Deploy.0 = Release|Any CPU
		{DFF518CE-E3AA-4858-8492-2A4239B26645}.AppStore|ARM.ActiveCfg = Release|Any CPU
		{DFF518CE-E3AA-4858-8492-2A4239B26645}.AppStore|ARM.Build.0 = Release|Any CPU
		{DFF518CE-E3AA-4858-8492-2A4239B26645}.AppStore|ARM.Deploy.0 = Release|Any CPU
		{DFF518CE-E3AA-4858-8492-2A4239B26645}.AppStore|iPhone.ActiveCfg = Release|Any CPU
		{DFF518CE-E3AA-4858-8492-2A4239B26645}.AppStore|iPhone.Build.0 = Release|Any CPU
		{DFF518CE-E3AA-4858-8492-2A4239B26645}.AppStore|iPhone.Deploy.0 = Release|Any CPU
		{DFF518CE-E3AA-4858-8492-2A4239B26645}.AppStore|iPhoneSimulator.ActiveCfg = Release|Any CPU
		{DFF518CE-E3AA-4858-8492-2A4239B26645}.AppStore|iPhoneSimulator.Build.0 = Release|Any CPU
		{DFF518CE-E3AA-4858-8492-2A4239B26645}.AppStore|iPhoneSimulator.Deploy.0 = Release|Any CPU
		{DFF518CE-E3AA-4858-8492-2A4239B26645}.AppStore|x64.ActiveCfg = Release|Any CPU
		{DFF518CE-E3AA-4858-8492-2A4239B26645}.AppStore|x64.Build.0 = Release|Any CPU
		{DFF518CE-E3AA-4858-8492-2A4239B26645}.AppStore|x64.Deploy.0 = Release|Any CPU
		{DFF518CE-E3AA-4858-8492-2A4239B26645}.AppStore|x86.ActiveCfg = Release|Any CPU
		{DFF518CE-E3AA-4858-8492-2A4239B26645}.AppStore|x86.Build.0 = Release|Any CPU
		{DFF518CE-E3AA-4858-8492-2A4239B26645}.AppStore|x86.Deploy.0 = Release|Any CPU
		{DFF518CE-E3AA-4858-8492-2A4239B26645}.Debug|Any CPU.ActiveCfg = Debug|Any CPU
		{DFF518CE-E3AA-4858-8492-2A4239B26645}.Debug|Any CPU.Build.0 = Debug|Any CPU
		{DFF518CE-E3AA-4858-8492-2A4239B26645}.Debug|Any CPU.Deploy.0 = Debug|Any CPU
		{DFF518CE-E3AA-4858-8492-2A4239B26645}.Debug|ARM.ActiveCfg = Debug|Any CPU
		{DFF518CE-E3AA-4858-8492-2A4239B26645}.Debug|ARM.Build.0 = Debug|Any CPU
		{DFF518CE-E3AA-4858-8492-2A4239B26645}.Debug|ARM.Deploy.0 = Debug|Any CPU
		{DFF518CE-E3AA-4858-8492-2A4239B26645}.Debug|iPhone.ActiveCfg = Debug|Any CPU
		{DFF518CE-E3AA-4858-8492-2A4239B26645}.Debug|iPhone.Build.0 = Debug|Any CPU
		{DFF518CE-E3AA-4858-8492-2A4239B26645}.Debug|iPhone.Deploy.0 = Debug|Any CPU
		{DFF518CE-E3AA-4858-8492-2A4239B26645}.Debug|iPhoneSimulator.ActiveCfg = Debug|Any CPU
		{DFF518CE-E3AA-4858-8492-2A4239B26645}.Debug|x64.ActiveCfg = Debug|Any CPU
		{DFF518CE-E3AA-4858-8492-2A4239B26645}.Debug|x64.Build.0 = Debug|Any CPU
		{DFF518CE-E3AA-4858-8492-2A4239B26645}.Debug|x64.Deploy.0 = Debug|Any CPU
		{DFF518CE-E3AA-4858-8492-2A4239B26645}.Debug|x86.ActiveCfg = Debug|Any CPU
		{DFF518CE-E3AA-4858-8492-2A4239B26645}.Release|Any CPU.ActiveCfg = Release|Any CPU
		{DFF518CE-E3AA-4858-8492-2A4239B26645}.Release|Any CPU.Build.0 = Release|Any CPU
		{DFF518CE-E3AA-4858-8492-2A4239B26645}.Release|Any CPU.Deploy.0 = Release|Any CPU
		{DFF518CE-E3AA-4858-8492-2A4239B26645}.Release|ARM.ActiveCfg = Release|Any CPU
		{DFF518CE-E3AA-4858-8492-2A4239B26645}.Release|ARM.Build.0 = Release|Any CPU
		{DFF518CE-E3AA-4858-8492-2A4239B26645}.Release|ARM.Deploy.0 = Release|Any CPU
		{DFF518CE-E3AA-4858-8492-2A4239B26645}.Release|iPhone.ActiveCfg = Release|Any CPU
		{DFF518CE-E3AA-4858-8492-2A4239B26645}.Release|iPhone.Build.0 = Release|Any CPU
		{DFF518CE-E3AA-4858-8492-2A4239B26645}.Release|iPhone.Deploy.0 = Release|Any CPU
		{DFF518CE-E3AA-4858-8492-2A4239B26645}.Release|iPhoneSimulator.ActiveCfg = Release|Any CPU
		{DFF518CE-E3AA-4858-8492-2A4239B26645}.Release|iPhoneSimulator.Build.0 = Release|Any CPU
		{DFF518CE-E3AA-4858-8492-2A4239B26645}.Release|iPhoneSimulator.Deploy.0 = Release|Any CPU
		{DFF518CE-E3AA-4858-8492-2A4239B26645}.Release|x64.ActiveCfg = Release|Any CPU
		{DFF518CE-E3AA-4858-8492-2A4239B26645}.Release|x64.Build.0 = Release|Any CPU
		{DFF518CE-E3AA-4858-8492-2A4239B26645}.Release|x64.Deploy.0 = Release|Any CPU
		{DFF518CE-E3AA-4858-8492-2A4239B26645}.Release|x86.ActiveCfg = Release|Any CPU
		{DFF518CE-E3AA-4858-8492-2A4239B26645}.Release|x86.Build.0 = Release|Any CPU
		{DFF518CE-E3AA-4858-8492-2A4239B26645}.Release|x86.Deploy.0 = Release|Any CPU
	EndGlobalSection
	GlobalSection(SolutionProperties) = preSolution
		HideSolutionNode = FALSE
	EndGlobalSection
EndGlobal
